
Microsoft Visual Studio Solution File, Format Version 11.00
# Visual Studio 2010
Project("{FAE04EC0-301F-11D3-BF4B-00C04F79EFBC}") = "CaveTalk", "CaveTalk\CaveTalk.csproj", "{C2F12BA9-5087-4E5B-8902-FABC1F20EE0B}"
EndProject
Project("{2150E333-8FDC-42A3-9474-1A3956D46DE8}") = "SolutionFolder", "SolutionFolder", "{E46822AE-C279-4439-AB62-1FFF1B915508}"
	ProjectSection(SolutionItems) = preProject
		CommentSpecification.md = CommentSpecification.md
		README.md = README.md
	EndProjectSection
EndProject
Project("{2150E333-8FDC-42A3-9474-1A3956D46DE8}") = "Solution Items", "Solution Items", "{CF86DD63-B16E-4144-819C-F1AB0E0D17E1}"
	ProjectSection(SolutionItems) = preProject
		CaveTalk.vsmdi = CaveTalk.vsmdi
		Local.testsettings = Local.testsettings
		TraceAndTestImpact.testsettings = TraceAndTestImpact.testsettings
	EndProjectSection
EndProject
Project("{FAE04EC0-301F-11D3-BF4B-00C04F79EFBC}") = "CaveTubeClient", "CaveTubeClient\CaveTubeClient.csproj", "{9E3E1E57-073E-4181-BB36-3536E195577E}"
EndProject
Project("{FAE04EC0-301F-11D3-BF4B-00C04F79EFBC}") = "CaveTubeClient.Test", "CaveTubeClient.Test\CaveTubeClient.Test.csproj", "{0DA20096-E106-4EC7-8471-5196CC1A52FD}"
EndProject
Project("{FAE04EC0-301F-11D3-BF4B-00C04F79EFBC}") = "SocketIOClient", "SocketIO\SocketIOClient.csproj", "{352C9BC1-F74C-4741-A09D-7227BC60C057}"
EndProject
Global
	GlobalSection(TestCaseManagementSettings) = postSolution
		CategoryFile = CaveTalk.vsmdi
	EndGlobalSection
	GlobalSection(SolutionConfigurationPlatforms) = preSolution
		Debug|Any CPU = Debug|Any CPU
		Debug|Mixed Platforms = Debug|Mixed Platforms
		Debug|x64 = Debug|x64
		Debug|x86 = Debug|x86
		Release|Any CPU = Release|Any CPU
		Release|Mixed Platforms = Release|Mixed Platforms
		Release|x64 = Release|x64
		Release|x86 = Release|x86
	EndGlobalSection
	GlobalSection(ProjectConfigurationPlatforms) = postSolution
		{C2F12BA9-5087-4E5B-8902-FABC1F20EE0B}.Debug|Any CPU.ActiveCfg = Debug|x86
		{C2F12BA9-5087-4E5B-8902-FABC1F20EE0B}.Debug|Any CPU.Build.0 = Debug|x86
		{C2F12BA9-5087-4E5B-8902-FABC1F20EE0B}.Debug|Mixed Platforms.ActiveCfg = Debug|x86
		{C2F12BA9-5087-4E5B-8902-FABC1F20EE0B}.Debug|Mixed Platforms.Build.0 = Debug|x86
		{C2F12BA9-5087-4E5B-8902-FABC1F20EE0B}.Debug|x64.ActiveCfg = Debug|x86
		{C2F12BA9-5087-4E5B-8902-FABC1F20EE0B}.Debug|x86.ActiveCfg = Debug|x86
		{C2F12BA9-5087-4E5B-8902-FABC1F20EE0B}.Debug|x86.Build.0 = Debug|x86
		{C2F12BA9-5087-4E5B-8902-FABC1F20EE0B}.Release|Any CPU.ActiveCfg = Release|x64
		{C2F12BA9-5087-4E5B-8902-FABC1F20EE0B}.Release|Mixed Platforms.ActiveCfg = Release|x86
		{C2F12BA9-5087-4E5B-8902-FABC1F20EE0B}.Release|Mixed Platforms.Build.0 = Release|x86
		{C2F12BA9-5087-4E5B-8902-FABC1F20EE0B}.Release|x64.ActiveCfg = Release|x64
		{C2F12BA9-5087-4E5B-8902-FABC1F20EE0B}.Release|x86.ActiveCfg = Release|x86
		{C2F12BA9-5087-4E5B-8902-FABC1F20EE0B}.Release|x86.Build.0 = Release|x86
		{9E3E1E57-073E-4181-BB36-3536E195577E}.Debug|Any CPU.ActiveCfg = Debug|Any CPU
		{9E3E1E57-073E-4181-BB36-3536E195577E}.Debug|Any CPU.Build.0 = Debug|Any CPU
		{9E3E1E57-073E-4181-BB36-3536E195577E}.Debug|Mixed Platforms.ActiveCfg = Debug|Any CPU
		{9E3E1E57-073E-4181-BB36-3536E195577E}.Debug|Mixed Platforms.Build.0 = Debug|Any CPU
		{9E3E1E57-073E-4181-BB36-3536E195577E}.Debug|x64.ActiveCfg = Debug|Any CPU
		{9E3E1E57-073E-4181-BB36-3536E195577E}.Debug|x86.ActiveCfg = Debug|Any CPU
		{9E3E1E57-073E-4181-BB36-3536E195577E}.Debug|x86.Build.0 = Debug|Any CPU
		{9E3E1E57-073E-4181-BB36-3536E195577E}.Release|Any CPU.ActiveCfg = Release|Any CPU
		{9E3E1E57-073E-4181-BB36-3536E195577E}.Release|Mixed Platforms.ActiveCfg = Release|Any CPU
		{9E3E1E57-073E-4181-BB36-3536E195577E}.Release|Mixed Platforms.Build.0 = Release|Any CPU
		{9E3E1E57-073E-4181-BB36-3536E195577E}.Release|x64.ActiveCfg = Release|Any CPU
		{9E3E1E57-073E-4181-BB36-3536E195577E}.Release|x86.ActiveCfg = Release|Any CPU
		{9E3E1E57-073E-4181-BB36-3536E195577E}.Release|x86.Build.0 = Release|Any CPU
		{0DA20096-E106-4EC7-8471-5196CC1A52FD}.Debug|Any CPU.ActiveCfg = Debug|Any CPU
		{0DA20096-E106-4EC7-8471-5196CC1A52FD}.Debug|Any CPU.Build.0 = Debug|Any CPU
		{0DA20096-E106-4EC7-8471-5196CC1A52FD}.Debug|Mixed Platforms.ActiveCfg = Debug|Any CPU
		{0DA20096-E106-4EC7-8471-5196CC1A52FD}.Debug|x64.ActiveCfg = Debug|Any CPU
		{0DA20096-E106-4EC7-8471-5196CC1A52FD}.Debug|x86.ActiveCfg = Debug|Any CPU
		{0DA20096-E106-4EC7-8471-5196CC1A52FD}.Debug|x86.Build.0 = Debug|Any CPU
		{0DA20096-E106-4EC7-8471-5196CC1A52FD}.Release|Any CPU.ActiveCfg = Release|Any CPU
		{0DA20096-E106-4EC7-8471-5196CC1A52FD}.Release|Mixed Platforms.ActiveCfg = Release|Any CPU
		{0DA20096-E106-4EC7-8471-5196CC1A52FD}.Release|x64.ActiveCfg = Release|Any CPU
		{0DA20096-E106-4EC7-8471-5196CC1A52FD}.Release|x86.ActiveCfg = Release|Any CPU
		{0DA20096-E106-4EC7-8471-5196CC1A52FD}.Release|x86.Build.0 = Release|Any CPU
		{352C9BC1-F74C-4741-A09D-7227BC60C057}.Debug|Any CPU.ActiveCfg = Debug|Any CPU
		{352C9BC1-F74C-4741-A09D-7227BC60C057}.Debug|Any CPU.Build.0 = Debug|Any CPU
		{352C9BC1-F74C-4741-A09D-7227BC60C057}.Debug|Mixed Platforms.ActiveCfg = Debug|Any CPU
		{352C9BC1-F74C-4741-A09D-7227BC60C057}.Debug|Mixed Platforms.Build.0 = Debug|Any CPU
		{352C9BC1-F74C-4741-A09D-7227BC60C057}.Debug|x64.ActiveCfg = Debug|Any CPU
		{352C9BC1-F74C-4741-A09D-7227BC60C057}.Debug|x86.ActiveCfg = Debug|Any CPU
		{352C9BC1-F74C-4741-A09D-7227BC60C057}.Debug|x86.Build.0 = Debug|Any CPU
		{352C9BC1-F74C-4741-A09D-7227BC60C057}.Release|Any CPU.ActiveCfg = Release|Any CPU
		{352C9BC1-F74C-4741-A09D-7227BC60C057}.Release|Mixed Platforms.ActiveCfg = Release|Any CPU
		{352C9BC1-F74C-4741-A09D-7227BC60C057}.Release|Mixed Platforms.Build.0 = Release|Any CPU
		{352C9BC1-F74C-4741-A09D-7227BC60C057}.Release|x64.ActiveCfg = Release|Any CPU
		{352C9BC1-F74C-4741-A09D-7227BC60C057}.Release|x86.ActiveCfg = Release|Any CPU
		{352C9BC1-F74C-4741-A09D-7227BC60C057}.Release|x86.Build.0 = Release|Any CPU
	EndGlobalSection
	GlobalSection(SolutionProperties) = preSolution
		HideSolutionNode = FALSE
	EndGlobalSection
EndGlobal
