
Microsoft Visual Studio Solution File, Format Version 11.00
# Visual Studio 2010
Project("{FAE04EC0-301F-11D3-BF4B-00C04F79EFBC}") = "CaveTalk", "CaveTalk\CaveTalk.csproj", "{C2F12BA9-5087-4E5B-8902-FABC1F20EE0B}"
EndProject
Project("{2150E333-8FDC-42A3-9474-1A3956D46DE8}") = "SolutionFolder", "SolutionFolder", "{E46822AE-C279-4439-AB62-1FFF1B915508}"
	ProjectSection(SolutionItems) = preProject
		CommentSpecification.md = CommentSpecification.md
		README.txt = README.txt
	EndProjectSection
EndProject
Project("{FAE04EC0-301F-11D3-BF4B-00C04F79EFBC}") = "SocketIOClient", "SocketIOClient\SocketIOClient.csproj", "{7B0F21B8-9C1C-4FA1-9ACC-359FEFB20A25}"
EndProject
Project("{FAE04EC0-301F-11D3-BF4B-00C04F79EFBC}") = "WebSocketClient", "websocket-sharp\WebSocketClient.csproj", "{B357BAC7-529E-4D81-A0D2-71041B19C8DE}"
EndProject
Project("{FAE04EC0-301F-11D3-BF4B-00C04F79EFBC}") = "CaveTalk.Test", "CaveTalk.Test\CaveTalk.Test.csproj", "{BA91B1BA-AAEC-4D7F-9876-3EC6A0DAA6D0}"
EndProject
Project("{2150E333-8FDC-42A3-9474-1A3956D46DE8}") = "Solution Items", "Solution Items", "{CF86DD63-B16E-4144-819C-F1AB0E0D17E1}"
	ProjectSection(SolutionItems) = preProject
		CaveTalk.vsmdi = CaveTalk.vsmdi
		Local.testsettings = Local.testsettings
		TraceAndTestImpact.testsettings = TraceAndTestImpact.testsettings
	EndProjectSection
EndProject
Project("{FAE04EC0-301F-11D3-BF4B-00C04F79EFBC}") = "SocketIOClient.Test", "SocketIOClient.Test\SocketIOClient.Test.csproj", "{DAEE30EC-A0A9-4DA0-A352-4932B825841D}"
EndProject
Project("{FAE04EC0-301F-11D3-BF4B-00C04F79EFBC}") = "WebSocketClientTest", "WebSocketClientTest\WebSocketClientTest.csproj", "{67A7CA59-80D9-422F-8AA8-2A0074EFBEAB}"
EndProject
Project("{FAE04EC0-301F-11D3-BF4B-00C04F79EFBC}") = "CaveTubeClient", "CaveTubeClient\CaveTubeClient.csproj", "{9E3E1E57-073E-4181-BB36-3536E195577E}"
EndProject
Project("{FAE04EC0-301F-11D3-BF4B-00C04F79EFBC}") = "CaveTubeClient.Test", "CaveTubeClient.Test\CaveTubeClient.Test.csproj", "{0DA20096-E106-4EC7-8471-5196CC1A52FD}"
EndProject
Global
	GlobalSection(TestCaseManagementSettings) = postSolution
		CategoryFile = CaveTalk.vsmdi
	EndGlobalSection
	GlobalSection(SolutionConfigurationPlatforms) = preSolution
		Debug_Ubuntu|Any CPU = Debug_Ubuntu|Any CPU
		Debug_Ubuntu|Mixed Platforms = Debug_Ubuntu|Mixed Platforms
		Debug_Ubuntu|x86 = Debug_Ubuntu|x86
		Debug|Any CPU = Debug|Any CPU
		Debug|Mixed Platforms = Debug|Mixed Platforms
		Debug|x86 = Debug|x86
		Release_Ubuntu|Any CPU = Release_Ubuntu|Any CPU
		Release_Ubuntu|Mixed Platforms = Release_Ubuntu|Mixed Platforms
		Release_Ubuntu|x86 = Release_Ubuntu|x86
		Release|Any CPU = Release|Any CPU
		Release|Mixed Platforms = Release|Mixed Platforms
		Release|x86 = Release|x86
	EndGlobalSection
	GlobalSection(ProjectConfigurationPlatforms) = postSolution
		{C2F12BA9-5087-4E5B-8902-FABC1F20EE0B}.Debug_Ubuntu|Any CPU.ActiveCfg = Debug|x86
		{C2F12BA9-5087-4E5B-8902-FABC1F20EE0B}.Debug_Ubuntu|Mixed Platforms.ActiveCfg = Debug|x86
		{C2F12BA9-5087-4E5B-8902-FABC1F20EE0B}.Debug_Ubuntu|Mixed Platforms.Build.0 = Debug|x86
		{C2F12BA9-5087-4E5B-8902-FABC1F20EE0B}.Debug_Ubuntu|x86.ActiveCfg = Debug|x86
		{C2F12BA9-5087-4E5B-8902-FABC1F20EE0B}.Debug_Ubuntu|x86.Build.0 = Debug|x86
		{C2F12BA9-5087-4E5B-8902-FABC1F20EE0B}.Debug|Any CPU.ActiveCfg = Debug|x86
		{C2F12BA9-5087-4E5B-8902-FABC1F20EE0B}.Debug|Mixed Platforms.ActiveCfg = Debug|x86
		{C2F12BA9-5087-4E5B-8902-FABC1F20EE0B}.Debug|Mixed Platforms.Build.0 = Debug|x86
		{C2F12BA9-5087-4E5B-8902-FABC1F20EE0B}.Debug|x86.ActiveCfg = Debug|x86
		{C2F12BA9-5087-4E5B-8902-FABC1F20EE0B}.Debug|x86.Build.0 = Debug|x86
		{C2F12BA9-5087-4E5B-8902-FABC1F20EE0B}.Release_Ubuntu|Any CPU.ActiveCfg = Release|x86
		{C2F12BA9-5087-4E5B-8902-FABC1F20EE0B}.Release_Ubuntu|Mixed Platforms.ActiveCfg = Release|x86
		{C2F12BA9-5087-4E5B-8902-FABC1F20EE0B}.Release_Ubuntu|Mixed Platforms.Build.0 = Release|x86
		{C2F12BA9-5087-4E5B-8902-FABC1F20EE0B}.Release_Ubuntu|x86.ActiveCfg = Release|x86
		{C2F12BA9-5087-4E5B-8902-FABC1F20EE0B}.Release_Ubuntu|x86.Build.0 = Release|x86
		{C2F12BA9-5087-4E5B-8902-FABC1F20EE0B}.Release|Any CPU.ActiveCfg = Release|x86
		{C2F12BA9-5087-4E5B-8902-FABC1F20EE0B}.Release|Mixed Platforms.ActiveCfg = Release|x86
		{C2F12BA9-5087-4E5B-8902-FABC1F20EE0B}.Release|Mixed Platforms.Build.0 = Release|x86
		{C2F12BA9-5087-4E5B-8902-FABC1F20EE0B}.Release|x86.ActiveCfg = Release|x86
		{C2F12BA9-5087-4E5B-8902-FABC1F20EE0B}.Release|x86.Build.0 = Release|x86
		{7B0F21B8-9C1C-4FA1-9ACC-359FEFB20A25}.Debug_Ubuntu|Any CPU.ActiveCfg = Debug|Any CPU
		{7B0F21B8-9C1C-4FA1-9ACC-359FEFB20A25}.Debug_Ubuntu|Any CPU.Build.0 = Debug|Any CPU
		{7B0F21B8-9C1C-4FA1-9ACC-359FEFB20A25}.Debug_Ubuntu|Mixed Platforms.ActiveCfg = Debug|Any CPU
		{7B0F21B8-9C1C-4FA1-9ACC-359FEFB20A25}.Debug_Ubuntu|Mixed Platforms.Build.0 = Debug|Any CPU
		{7B0F21B8-9C1C-4FA1-9ACC-359FEFB20A25}.Debug_Ubuntu|x86.ActiveCfg = Debug|Any CPU
		{7B0F21B8-9C1C-4FA1-9ACC-359FEFB20A25}.Debug|Any CPU.ActiveCfg = Debug|Any CPU
		{7B0F21B8-9C1C-4FA1-9ACC-359FEFB20A25}.Debug|Any CPU.Build.0 = Debug|Any CPU
		{7B0F21B8-9C1C-4FA1-9ACC-359FEFB20A25}.Debug|Mixed Platforms.ActiveCfg = Debug|Any CPU
		{7B0F21B8-9C1C-4FA1-9ACC-359FEFB20A25}.Debug|Mixed Platforms.Build.0 = Debug|Any CPU
		{7B0F21B8-9C1C-4FA1-9ACC-359FEFB20A25}.Debug|x86.ActiveCfg = Debug|Any CPU
		{7B0F21B8-9C1C-4FA1-9ACC-359FEFB20A25}.Release_Ubuntu|Any CPU.ActiveCfg = Release|Any CPU
		{7B0F21B8-9C1C-4FA1-9ACC-359FEFB20A25}.Release_Ubuntu|Any CPU.Build.0 = Release|Any CPU
		{7B0F21B8-9C1C-4FA1-9ACC-359FEFB20A25}.Release_Ubuntu|Mixed Platforms.ActiveCfg = Release|Any CPU
		{7B0F21B8-9C1C-4FA1-9ACC-359FEFB20A25}.Release_Ubuntu|Mixed Platforms.Build.0 = Release|Any CPU
		{7B0F21B8-9C1C-4FA1-9ACC-359FEFB20A25}.Release_Ubuntu|x86.ActiveCfg = Release|Any CPU
		{7B0F21B8-9C1C-4FA1-9ACC-359FEFB20A25}.Release|Any CPU.ActiveCfg = Release|Any CPU
		{7B0F21B8-9C1C-4FA1-9ACC-359FEFB20A25}.Release|Any CPU.Build.0 = Release|Any CPU
		{7B0F21B8-9C1C-4FA1-9ACC-359FEFB20A25}.Release|Mixed Platforms.ActiveCfg = Release|Any CPU
		{7B0F21B8-9C1C-4FA1-9ACC-359FEFB20A25}.Release|Mixed Platforms.Build.0 = Release|Any CPU
		{7B0F21B8-9C1C-4FA1-9ACC-359FEFB20A25}.Release|x86.ActiveCfg = Release|Any CPU
		{B357BAC7-529E-4D81-A0D2-71041B19C8DE}.Debug_Ubuntu|Any CPU.ActiveCfg = Debug_Ubuntu|Any CPU
		{B357BAC7-529E-4D81-A0D2-71041B19C8DE}.Debug_Ubuntu|Any CPU.Build.0 = Debug_Ubuntu|Any CPU
		{B357BAC7-529E-4D81-A0D2-71041B19C8DE}.Debug_Ubuntu|Mixed Platforms.ActiveCfg = Debug_Ubuntu|Any CPU
		{B357BAC7-529E-4D81-A0D2-71041B19C8DE}.Debug_Ubuntu|Mixed Platforms.Build.0 = Debug_Ubuntu|Any CPU
		{B357BAC7-529E-4D81-A0D2-71041B19C8DE}.Debug_Ubuntu|x86.ActiveCfg = Debug_Ubuntu|Any CPU
		{B357BAC7-529E-4D81-A0D2-71041B19C8DE}.Debug|Any CPU.ActiveCfg = Debug|Any CPU
		{B357BAC7-529E-4D81-A0D2-71041B19C8DE}.Debug|Any CPU.Build.0 = Debug|Any CPU
		{B357BAC7-529E-4D81-A0D2-71041B19C8DE}.Debug|Mixed Platforms.ActiveCfg = Debug|Any CPU
		{B357BAC7-529E-4D81-A0D2-71041B19C8DE}.Debug|Mixed Platforms.Build.0 = Debug|Any CPU
		{B357BAC7-529E-4D81-A0D2-71041B19C8DE}.Debug|x86.ActiveCfg = Debug|Any CPU
		{B357BAC7-529E-4D81-A0D2-71041B19C8DE}.Release_Ubuntu|Any CPU.ActiveCfg = Release_Ubuntu|Any CPU
		{B357BAC7-529E-4D81-A0D2-71041B19C8DE}.Release_Ubuntu|Any CPU.Build.0 = Release_Ubuntu|Any CPU
		{B357BAC7-529E-4D81-A0D2-71041B19C8DE}.Release_Ubuntu|Mixed Platforms.ActiveCfg = Release_Ubuntu|Any CPU
		{B357BAC7-529E-4D81-A0D2-71041B19C8DE}.Release_Ubuntu|Mixed Platforms.Build.0 = Release_Ubuntu|Any CPU
		{B357BAC7-529E-4D81-A0D2-71041B19C8DE}.Release_Ubuntu|x86.ActiveCfg = Release_Ubuntu|Any CPU
		{B357BAC7-529E-4D81-A0D2-71041B19C8DE}.Release|Any CPU.ActiveCfg = Release|Any CPU
		{B357BAC7-529E-4D81-A0D2-71041B19C8DE}.Release|Any CPU.Build.0 = Release|Any CPU
		{B357BAC7-529E-4D81-A0D2-71041B19C8DE}.Release|Mixed Platforms.ActiveCfg = Release|Any CPU
		{B357BAC7-529E-4D81-A0D2-71041B19C8DE}.Release|Mixed Platforms.Build.0 = Release|Any CPU
		{B357BAC7-529E-4D81-A0D2-71041B19C8DE}.Release|x86.ActiveCfg = Release|Any CPU
		{BA91B1BA-AAEC-4D7F-9876-3EC6A0DAA6D0}.Debug_Ubuntu|Any CPU.ActiveCfg = Debug|Any CPU
		{BA91B1BA-AAEC-4D7F-9876-3EC6A0DAA6D0}.Debug_Ubuntu|Any CPU.Build.0 = Debug|Any CPU
		{BA91B1BA-AAEC-4D7F-9876-3EC6A0DAA6D0}.Debug_Ubuntu|Mixed Platforms.ActiveCfg = Debug|Any CPU
		{BA91B1BA-AAEC-4D7F-9876-3EC6A0DAA6D0}.Debug_Ubuntu|Mixed Platforms.Build.0 = Debug|Any CPU
		{BA91B1BA-AAEC-4D7F-9876-3EC6A0DAA6D0}.Debug_Ubuntu|x86.ActiveCfg = Debug|Any CPU
		{BA91B1BA-AAEC-4D7F-9876-3EC6A0DAA6D0}.Debug|Any CPU.ActiveCfg = Debug|Any CPU
		{BA91B1BA-AAEC-4D7F-9876-3EC6A0DAA6D0}.Debug|Any CPU.Build.0 = Debug|Any CPU
		{BA91B1BA-AAEC-4D7F-9876-3EC6A0DAA6D0}.Debug|Mixed Platforms.ActiveCfg = Debug|Any CPU
		{BA91B1BA-AAEC-4D7F-9876-3EC6A0DAA6D0}.Debug|Mixed Platforms.Build.0 = Debug|Any CPU
		{BA91B1BA-AAEC-4D7F-9876-3EC6A0DAA6D0}.Debug|x86.ActiveCfg = Debug|Any CPU
		{BA91B1BA-AAEC-4D7F-9876-3EC6A0DAA6D0}.Release_Ubuntu|Any CPU.ActiveCfg = Release|Any CPU
		{BA91B1BA-AAEC-4D7F-9876-3EC6A0DAA6D0}.Release_Ubuntu|Any CPU.Build.0 = Release|Any CPU
		{BA91B1BA-AAEC-4D7F-9876-3EC6A0DAA6D0}.Release_Ubuntu|Mixed Platforms.ActiveCfg = Release|Any CPU
		{BA91B1BA-AAEC-4D7F-9876-3EC6A0DAA6D0}.Release_Ubuntu|Mixed Platforms.Build.0 = Release|Any CPU
		{BA91B1BA-AAEC-4D7F-9876-3EC6A0DAA6D0}.Release_Ubuntu|x86.ActiveCfg = Release|Any CPU
		{BA91B1BA-AAEC-4D7F-9876-3EC6A0DAA6D0}.Release|Any CPU.ActiveCfg = Release|Any CPU
		{BA91B1BA-AAEC-4D7F-9876-3EC6A0DAA6D0}.Release|Any CPU.Build.0 = Release|Any CPU
		{BA91B1BA-AAEC-4D7F-9876-3EC6A0DAA6D0}.Release|Mixed Platforms.ActiveCfg = Release|Any CPU
		{BA91B1BA-AAEC-4D7F-9876-3EC6A0DAA6D0}.Release|x86.ActiveCfg = Release|Any CPU
		{DAEE30EC-A0A9-4DA0-A352-4932B825841D}.Debug_Ubuntu|Any CPU.ActiveCfg = Debug|Any CPU
		{DAEE30EC-A0A9-4DA0-A352-4932B825841D}.Debug_Ubuntu|Any CPU.Build.0 = Debug|Any CPU
		{DAEE30EC-A0A9-4DA0-A352-4932B825841D}.Debug_Ubuntu|Mixed Platforms.ActiveCfg = Debug|Any CPU
		{DAEE30EC-A0A9-4DA0-A352-4932B825841D}.Debug_Ubuntu|Mixed Platforms.Build.0 = Debug|Any CPU
		{DAEE30EC-A0A9-4DA0-A352-4932B825841D}.Debug_Ubuntu|x86.ActiveCfg = Debug|Any CPU
		{DAEE30EC-A0A9-4DA0-A352-4932B825841D}.Debug|Any CPU.ActiveCfg = Debug|Any CPU
		{DAEE30EC-A0A9-4DA0-A352-4932B825841D}.Debug|Any CPU.Build.0 = Debug|Any CPU
		{DAEE30EC-A0A9-4DA0-A352-4932B825841D}.Debug|Mixed Platforms.ActiveCfg = Debug|Any CPU
		{DAEE30EC-A0A9-4DA0-A352-4932B825841D}.Debug|Mixed Platforms.Build.0 = Debug|Any CPU
		{DAEE30EC-A0A9-4DA0-A352-4932B825841D}.Debug|x86.ActiveCfg = Debug|Any CPU
		{DAEE30EC-A0A9-4DA0-A352-4932B825841D}.Release_Ubuntu|Any CPU.ActiveCfg = Release|Any CPU
		{DAEE30EC-A0A9-4DA0-A352-4932B825841D}.Release_Ubuntu|Any CPU.Build.0 = Release|Any CPU
		{DAEE30EC-A0A9-4DA0-A352-4932B825841D}.Release_Ubuntu|Mixed Platforms.ActiveCfg = Release|Any CPU
		{DAEE30EC-A0A9-4DA0-A352-4932B825841D}.Release_Ubuntu|Mixed Platforms.Build.0 = Release|Any CPU
		{DAEE30EC-A0A9-4DA0-A352-4932B825841D}.Release_Ubuntu|x86.ActiveCfg = Release|Any CPU
		{DAEE30EC-A0A9-4DA0-A352-4932B825841D}.Release|Any CPU.ActiveCfg = Release|Any CPU
		{DAEE30EC-A0A9-4DA0-A352-4932B825841D}.Release|Any CPU.Build.0 = Release|Any CPU
		{DAEE30EC-A0A9-4DA0-A352-4932B825841D}.Release|Mixed Platforms.ActiveCfg = Release|Any CPU
		{DAEE30EC-A0A9-4DA0-A352-4932B825841D}.Release|x86.ActiveCfg = Release|Any CPU
		{67A7CA59-80D9-422F-8AA8-2A0074EFBEAB}.Debug_Ubuntu|Any CPU.ActiveCfg = Debug|Any CPU
		{67A7CA59-80D9-422F-8AA8-2A0074EFBEAB}.Debug_Ubuntu|Any CPU.Build.0 = Debug|Any CPU
		{67A7CA59-80D9-422F-8AA8-2A0074EFBEAB}.Debug_Ubuntu|Mixed Platforms.ActiveCfg = Debug|Any CPU
		{67A7CA59-80D9-422F-8AA8-2A0074EFBEAB}.Debug_Ubuntu|Mixed Platforms.Build.0 = Debug|Any CPU
		{67A7CA59-80D9-422F-8AA8-2A0074EFBEAB}.Debug_Ubuntu|x86.ActiveCfg = Debug|Any CPU
		{67A7CA59-80D9-422F-8AA8-2A0074EFBEAB}.Debug|Any CPU.ActiveCfg = Debug|Any CPU
		{67A7CA59-80D9-422F-8AA8-2A0074EFBEAB}.Debug|Any CPU.Build.0 = Debug|Any CPU
		{67A7CA59-80D9-422F-8AA8-2A0074EFBEAB}.Debug|Mixed Platforms.ActiveCfg = Debug|Any CPU
		{67A7CA59-80D9-422F-8AA8-2A0074EFBEAB}.Debug|Mixed Platforms.Build.0 = Debug|Any CPU
		{67A7CA59-80D9-422F-8AA8-2A0074EFBEAB}.Debug|x86.ActiveCfg = Debug|Any CPU
		{67A7CA59-80D9-422F-8AA8-2A0074EFBEAB}.Release_Ubuntu|Any CPU.ActiveCfg = Release|Any CPU
		{67A7CA59-80D9-422F-8AA8-2A0074EFBEAB}.Release_Ubuntu|Any CPU.Build.0 = Release|Any CPU
		{67A7CA59-80D9-422F-8AA8-2A0074EFBEAB}.Release_Ubuntu|Mixed Platforms.ActiveCfg = Release|Any CPU
		{67A7CA59-80D9-422F-8AA8-2A0074EFBEAB}.Release_Ubuntu|Mixed Platforms.Build.0 = Release|Any CPU
		{67A7CA59-80D9-422F-8AA8-2A0074EFBEAB}.Release_Ubuntu|x86.ActiveCfg = Release|Any CPU
		{67A7CA59-80D9-422F-8AA8-2A0074EFBEAB}.Release|Any CPU.ActiveCfg = Release|Any CPU
		{67A7CA59-80D9-422F-8AA8-2A0074EFBEAB}.Release|Any CPU.Build.0 = Release|Any CPU
		{67A7CA59-80D9-422F-8AA8-2A0074EFBEAB}.Release|Mixed Platforms.ActiveCfg = Release|Any CPU
		{67A7CA59-80D9-422F-8AA8-2A0074EFBEAB}.Release|x86.ActiveCfg = Release|Any CPU
		{9E3E1E57-073E-4181-BB36-3536E195577E}.Debug_Ubuntu|Any CPU.ActiveCfg = Debug|Any CPU
		{9E3E1E57-073E-4181-BB36-3536E195577E}.Debug_Ubuntu|Any CPU.Build.0 = Debug|Any CPU
		{9E3E1E57-073E-4181-BB36-3536E195577E}.Debug_Ubuntu|Mixed Platforms.ActiveCfg = Debug|Any CPU
		{9E3E1E57-073E-4181-BB36-3536E195577E}.Debug_Ubuntu|Mixed Platforms.Build.0 = Debug|Any CPU
		{9E3E1E57-073E-4181-BB36-3536E195577E}.Debug_Ubuntu|x86.ActiveCfg = Debug|Any CPU
		{9E3E1E57-073E-4181-BB36-3536E195577E}.Debug|Any CPU.ActiveCfg = Debug|Any CPU
		{9E3E1E57-073E-4181-BB36-3536E195577E}.Debug|Any CPU.Build.0 = Debug|Any CPU
		{9E3E1E57-073E-4181-BB36-3536E195577E}.Debug|Mixed Platforms.ActiveCfg = Debug|Any CPU
		{9E3E1E57-073E-4181-BB36-3536E195577E}.Debug|Mixed Platforms.Build.0 = Debug|Any CPU
		{9E3E1E57-073E-4181-BB36-3536E195577E}.Debug|x86.ActiveCfg = Debug|Any CPU
		{9E3E1E57-073E-4181-BB36-3536E195577E}.Release_Ubuntu|Any CPU.ActiveCfg = Release|Any CPU
		{9E3E1E57-073E-4181-BB36-3536E195577E}.Release_Ubuntu|Any CPU.Build.0 = Release|Any CPU
		{9E3E1E57-073E-4181-BB36-3536E195577E}.Release_Ubuntu|Mixed Platforms.ActiveCfg = Release|Any CPU
		{9E3E1E57-073E-4181-BB36-3536E195577E}.Release_Ubuntu|Mixed Platforms.Build.0 = Release|Any CPU
		{9E3E1E57-073E-4181-BB36-3536E195577E}.Release_Ubuntu|x86.ActiveCfg = Release|Any CPU
		{9E3E1E57-073E-4181-BB36-3536E195577E}.Release|Any CPU.ActiveCfg = Release|Any CPU
		{9E3E1E57-073E-4181-BB36-3536E195577E}.Release|Any CPU.Build.0 = Release|Any CPU
		{9E3E1E57-073E-4181-BB36-3536E195577E}.Release|Mixed Platforms.ActiveCfg = Release|Any CPU
		{9E3E1E57-073E-4181-BB36-3536E195577E}.Release|Mixed Platforms.Build.0 = Release|Any CPU
		{9E3E1E57-073E-4181-BB36-3536E195577E}.Release|x86.ActiveCfg = Release|Any CPU
		{0DA20096-E106-4EC7-8471-5196CC1A52FD}.Debug_Ubuntu|Any CPU.ActiveCfg = Debug|Any CPU
		{0DA20096-E106-4EC7-8471-5196CC1A52FD}.Debug_Ubuntu|Any CPU.Build.0 = Debug|Any CPU
		{0DA20096-E106-4EC7-8471-5196CC1A52FD}.Debug_Ubuntu|Mixed Platforms.ActiveCfg = Debug|Any CPU
		{0DA20096-E106-4EC7-8471-5196CC1A52FD}.Debug_Ubuntu|Mixed Platforms.Build.0 = Debug|Any CPU
		{0DA20096-E106-4EC7-8471-5196CC1A52FD}.Debug_Ubuntu|x86.ActiveCfg = Debug|Any CPU
		{0DA20096-E106-4EC7-8471-5196CC1A52FD}.Debug|Any CPU.ActiveCfg = Debug|Any CPU
		{0DA20096-E106-4EC7-8471-5196CC1A52FD}.Debug|Any CPU.Build.0 = Debug|Any CPU
		{0DA20096-E106-4EC7-8471-5196CC1A52FD}.Debug|Mixed Platforms.ActiveCfg = Debug|Any CPU
		{0DA20096-E106-4EC7-8471-5196CC1A52FD}.Debug|Mixed Platforms.Build.0 = Debug|Any CPU
		{0DA20096-E106-4EC7-8471-5196CC1A52FD}.Debug|x86.ActiveCfg = Debug|Any CPU
		{0DA20096-E106-4EC7-8471-5196CC1A52FD}.Release_Ubuntu|Any CPU.ActiveCfg = Release|Any CPU
		{0DA20096-E106-4EC7-8471-5196CC1A52FD}.Release_Ubuntu|Any CPU.Build.0 = Release|Any CPU
		{0DA20096-E106-4EC7-8471-5196CC1A52FD}.Release_Ubuntu|Mixed Platforms.ActiveCfg = Release|Any CPU
		{0DA20096-E106-4EC7-8471-5196CC1A52FD}.Release_Ubuntu|Mixed Platforms.Build.0 = Release|Any CPU
		{0DA20096-E106-4EC7-8471-5196CC1A52FD}.Release_Ubuntu|x86.ActiveCfg = Release|Any CPU
		{0DA20096-E106-4EC7-8471-5196CC1A52FD}.Release|Any CPU.ActiveCfg = Release|Any CPU
		{0DA20096-E106-4EC7-8471-5196CC1A52FD}.Release|Any CPU.Build.0 = Release|Any CPU
		{0DA20096-E106-4EC7-8471-5196CC1A52FD}.Release|Mixed Platforms.ActiveCfg = Release|Any CPU
		{0DA20096-E106-4EC7-8471-5196CC1A52FD}.Release|x86.ActiveCfg = Release|Any CPU
	EndGlobalSection
	GlobalSection(SolutionProperties) = preSolution
		HideSolutionNode = FALSE
	EndGlobalSection
EndGlobal
