
Microsoft Visual Studio Solution File, Format Version 11.00
# Visual Studio 2010
Project("{FAE04EC0-301F-11D3-BF4B-00C04F79EFBC}") = "CaveTalk", "CaveTalk\CaveTalk.csproj", "{C2F12BA9-5087-4E5B-8902-FABC1F20EE0B}"
EndProject
Project("{2150E333-8FDC-42A3-9474-1A3956D46DE8}") = "SolutionFolder", "SolutionFolder", "{E46822AE-C279-4439-AB62-1FFF1B915508}"
	ProjectSection(SolutionItems) = preProject
		README.md = README.md
	EndProjectSection
EndProject
Project("{FAE04EC0-301F-11D3-BF4B-00C04F79EFBC}") = "SocketIOClient", "SocketIOClient\SocketIOClient.csproj", "{7B0F21B8-9C1C-4FA1-9ACC-359FEFB20A25}"
EndProject
Project("{FAE04EC0-301F-11D3-BF4B-00C04F79EFBC}") = "websocket-sharp", "websocket-sharp\websocket-sharp.csproj", "{B357BAC7-529E-4D81-A0D2-71041B19C8DE}"
EndProject
Global
	GlobalSection(SolutionConfigurationPlatforms) = preSolution
		Debug_Ubuntu|Any CPU = Debug_Ubuntu|Any CPU
		Debug_Ubuntu|Mixed Platforms = Debug_Ubuntu|Mixed Platforms
		Debug_Ubuntu|x86 = Debug_Ubuntu|x86
		Debug|Any CPU = Debug|Any CPU
		Debug|Mixed Platforms = Debug|Mixed Platforms
		Debug|x86 = Debug|x86
		Release_Ubuntu|Any CPU = Release_Ubuntu|Any CPU
		Release_Ubuntu|Mixed Platforms = Release_Ubuntu|Mixed Platforms
		Release_Ubuntu|x86 = Release_Ubuntu|x86
		Release|Any CPU = Release|Any CPU
		Release|Mixed Platforms = Release|Mixed Platforms
		Release|x86 = Release|x86
	EndGlobalSection
	GlobalSection(ProjectConfigurationPlatforms) = postSolution
		{C2F12BA9-5087-4E5B-8902-FABC1F20EE0B}.Debug_Ubuntu|Any CPU.ActiveCfg = Debug|x86
		{C2F12BA9-5087-4E5B-8902-FABC1F20EE0B}.Debug_Ubuntu|Mixed Platforms.ActiveCfg = Debug|x86
		{C2F12BA9-5087-4E5B-8902-FABC1F20EE0B}.Debug_Ubuntu|Mixed Platforms.Build.0 = Debug|x86
		{C2F12BA9-5087-4E5B-8902-FABC1F20EE0B}.Debug_Ubuntu|x86.ActiveCfg = Debug|x86
		{C2F12BA9-5087-4E5B-8902-FABC1F20EE0B}.Debug_Ubuntu|x86.Build.0 = Debug|x86
		{C2F12BA9-5087-4E5B-8902-FABC1F20EE0B}.Debug|Any CPU.ActiveCfg = Debug|x86
		{C2F12BA9-5087-4E5B-8902-FABC1F20EE0B}.Debug|Mixed Platforms.ActiveCfg = Debug|x86
		{C2F12BA9-5087-4E5B-8902-FABC1F20EE0B}.Debug|Mixed Platforms.Build.0 = Debug|x86
		{C2F12BA9-5087-4E5B-8902-FABC1F20EE0B}.Debug|x86.ActiveCfg = Debug|x86
		{C2F12BA9-5087-4E5B-8902-FABC1F20EE0B}.Debug|x86.Build.0 = Debug|x86
		{C2F12BA9-5087-4E5B-8902-FABC1F20EE0B}.Release_Ubuntu|Any CPU.ActiveCfg = Release|x86
		{C2F12BA9-5087-4E5B-8902-FABC1F20EE0B}.Release_Ubuntu|Mixed Platforms.ActiveCfg = Release|x86
		{C2F12BA9-5087-4E5B-8902-FABC1F20EE0B}.Release_Ubuntu|Mixed Platforms.Build.0 = Release|x86
		{C2F12BA9-5087-4E5B-8902-FABC1F20EE0B}.Release_Ubuntu|x86.ActiveCfg = Release|x86
		{C2F12BA9-5087-4E5B-8902-FABC1F20EE0B}.Release_Ubuntu|x86.Build.0 = Release|x86
		{C2F12BA9-5087-4E5B-8902-FABC1F20EE0B}.Release|Any CPU.ActiveCfg = Release|x86
		{C2F12BA9-5087-4E5B-8902-FABC1F20EE0B}.Release|Mixed Platforms.ActiveCfg = Release|x86
		{C2F12BA9-5087-4E5B-8902-FABC1F20EE0B}.Release|Mixed Platforms.Build.0 = Release|x86
		{C2F12BA9-5087-4E5B-8902-FABC1F20EE0B}.Release|x86.ActiveCfg = Release|x86
		{C2F12BA9-5087-4E5B-8902-FABC1F20EE0B}.Release|x86.Build.0 = Release|x86
		{7B0F21B8-9C1C-4FA1-9ACC-359FEFB20A25}.Debug_Ubuntu|Any CPU.ActiveCfg = Debug|Any CPU
		{7B0F21B8-9C1C-4FA1-9ACC-359FEFB20A25}.Debug_Ubuntu|Any CPU.Build.0 = Debug|Any CPU
		{7B0F21B8-9C1C-4FA1-9ACC-359FEFB20A25}.Debug_Ubuntu|Mixed Platforms.ActiveCfg = Debug|Any CPU
		{7B0F21B8-9C1C-4FA1-9ACC-359FEFB20A25}.Debug_Ubuntu|Mixed Platforms.Build.0 = Debug|Any CPU
		{7B0F21B8-9C1C-4FA1-9ACC-359FEFB20A25}.Debug_Ubuntu|x86.ActiveCfg = Debug|Any CPU
		{7B0F21B8-9C1C-4FA1-9ACC-359FEFB20A25}.Debug|Any CPU.ActiveCfg = Debug|Any CPU
		{7B0F21B8-9C1C-4FA1-9ACC-359FEFB20A25}.Debug|Any CPU.Build.0 = Debug|Any CPU
		{7B0F21B8-9C1C-4FA1-9ACC-359FEFB20A25}.Debug|Mixed Platforms.ActiveCfg = Debug|Any CPU
		{7B0F21B8-9C1C-4FA1-9ACC-359FEFB20A25}.Debug|Mixed Platforms.Build.0 = Debug|Any CPU
		{7B0F21B8-9C1C-4FA1-9ACC-359FEFB20A25}.Debug|x86.ActiveCfg = Debug|Any CPU
		{7B0F21B8-9C1C-4FA1-9ACC-359FEFB20A25}.Release_Ubuntu|Any CPU.ActiveCfg = Release|Any CPU
		{7B0F21B8-9C1C-4FA1-9ACC-359FEFB20A25}.Release_Ubuntu|Any CPU.Build.0 = Release|Any CPU
		{7B0F21B8-9C1C-4FA1-9ACC-359FEFB20A25}.Release_Ubuntu|Mixed Platforms.ActiveCfg = Release|Any CPU
		{7B0F21B8-9C1C-4FA1-9ACC-359FEFB20A25}.Release_Ubuntu|Mixed Platforms.Build.0 = Release|Any CPU
		{7B0F21B8-9C1C-4FA1-9ACC-359FEFB20A25}.Release_Ubuntu|x86.ActiveCfg = Release|Any CPU
		{7B0F21B8-9C1C-4FA1-9ACC-359FEFB20A25}.Release|Any CPU.ActiveCfg = Release|Any CPU
		{7B0F21B8-9C1C-4FA1-9ACC-359FEFB20A25}.Release|Any CPU.Build.0 = Release|Any CPU
		{7B0F21B8-9C1C-4FA1-9ACC-359FEFB20A25}.Release|Mixed Platforms.ActiveCfg = Release|Any CPU
		{7B0F21B8-9C1C-4FA1-9ACC-359FEFB20A25}.Release|Mixed Platforms.Build.0 = Release|Any CPU
		{7B0F21B8-9C1C-4FA1-9ACC-359FEFB20A25}.Release|x86.ActiveCfg = Release|Any CPU
		{B357BAC7-529E-4D81-A0D2-71041B19C8DE}.Debug_Ubuntu|Any CPU.ActiveCfg = Debug_Ubuntu|Any CPU
		{B357BAC7-529E-4D81-A0D2-71041B19C8DE}.Debug_Ubuntu|Any CPU.Build.0 = Debug_Ubuntu|Any CPU
		{B357BAC7-529E-4D81-A0D2-71041B19C8DE}.Debug_Ubuntu|Mixed Platforms.ActiveCfg = Debug_Ubuntu|Any CPU
		{B357BAC7-529E-4D81-A0D2-71041B19C8DE}.Debug_Ubuntu|Mixed Platforms.Build.0 = Debug_Ubuntu|Any CPU
		{B357BAC7-529E-4D81-A0D2-71041B19C8DE}.Debug_Ubuntu|x86.ActiveCfg = Debug_Ubuntu|Any CPU
		{B357BAC7-529E-4D81-A0D2-71041B19C8DE}.Debug|Any CPU.ActiveCfg = Debug|Any CPU
		{B357BAC7-529E-4D81-A0D2-71041B19C8DE}.Debug|Any CPU.Build.0 = Debug|Any CPU
		{B357BAC7-529E-4D81-A0D2-71041B19C8DE}.Debug|Mixed Platforms.ActiveCfg = Debug|Any CPU
		{B357BAC7-529E-4D81-A0D2-71041B19C8DE}.Debug|Mixed Platforms.Build.0 = Debug|Any CPU
		{B357BAC7-529E-4D81-A0D2-71041B19C8DE}.Debug|x86.ActiveCfg = Debug|Any CPU
		{B357BAC7-529E-4D81-A0D2-71041B19C8DE}.Release_Ubuntu|Any CPU.ActiveCfg = Release_Ubuntu|Any CPU
		{B357BAC7-529E-4D81-A0D2-71041B19C8DE}.Release_Ubuntu|Any CPU.Build.0 = Release_Ubuntu|Any CPU
		{B357BAC7-529E-4D81-A0D2-71041B19C8DE}.Release_Ubuntu|Mixed Platforms.ActiveCfg = Release_Ubuntu|Any CPU
		{B357BAC7-529E-4D81-A0D2-71041B19C8DE}.Release_Ubuntu|Mixed Platforms.Build.0 = Release_Ubuntu|Any CPU
		{B357BAC7-529E-4D81-A0D2-71041B19C8DE}.Release_Ubuntu|x86.ActiveCfg = Release_Ubuntu|Any CPU
		{B357BAC7-529E-4D81-A0D2-71041B19C8DE}.Release|Any CPU.ActiveCfg = Release|Any CPU
		{B357BAC7-529E-4D81-A0D2-71041B19C8DE}.Release|Any CPU.Build.0 = Release|Any CPU
		{B357BAC7-529E-4D81-A0D2-71041B19C8DE}.Release|Mixed Platforms.ActiveCfg = Release|Any CPU
		{B357BAC7-529E-4D81-A0D2-71041B19C8DE}.Release|Mixed Platforms.Build.0 = Release|Any CPU
		{B357BAC7-529E-4D81-A0D2-71041B19C8DE}.Release|x86.ActiveCfg = Release|Any CPU
	EndGlobalSection
	GlobalSection(SolutionProperties) = preSolution
		HideSolutionNode = FALSE
	EndGlobalSection
EndGlobal
